
Microsoft Visual Studio Solution File, Format Version 11.00
# Visual Studio 2010
Project("{FAE04EC0-301F-11D3-BF4B-00C04F79EFBC}") = "Spelling.Dutch", "Dutch_Spelling\Spelling.Dutch.csproj", "{43DFD5D1-AE2B-4E91-873A-6D0D8D1B9042}"
EndProject
Project("{FAE04EC0-301F-11D3-BF4B-00C04F79EFBC}") = "Spelling.Core.iOS", "Spelling.Core\Spelling.Core.iOS.csproj", "{32743DB6-5BFC-42CC-BDC4-1DA473C90616}"
EndProject
Global
	GlobalSection(SolutionConfigurationPlatforms) = preSolution
		Debug|iPhoneSimulator = Debug|iPhoneSimulator
		Release|iPhoneSimulator = Release|iPhoneSimulator
		Debug|iPhone = Debug|iPhone
		Release|iPhone = Release|iPhone
		Ad-Hoc|iPhone = Ad-Hoc|iPhone
		AppStore|iPhone = AppStore|iPhone
	EndGlobalSection
	GlobalSection(ProjectConfigurationPlatforms) = postSolution
		{32743DB6-5BFC-42CC-BDC4-1DA473C90616}.Ad-Hoc|iPhone.ActiveCfg = Release|Any CPU
		{32743DB6-5BFC-42CC-BDC4-1DA473C90616}.Ad-Hoc|iPhone.Build.0 = Release|Any CPU
		{32743DB6-5BFC-42CC-BDC4-1DA473C90616}.AppStore|iPhone.ActiveCfg = Release|Any CPU
		{32743DB6-5BFC-42CC-BDC4-1DA473C90616}.AppStore|iPhone.Build.0 = Release|Any CPU
		{32743DB6-5BFC-42CC-BDC4-1DA473C90616}.Debug|iPhone.ActiveCfg = Debug|Any CPU
		{32743DB6-5BFC-42CC-BDC4-1DA473C90616}.Debug|iPhone.Build.0 = Debug|Any CPU
		{32743DB6-5BFC-42CC-BDC4-1DA473C90616}.Debug|iPhoneSimulator.ActiveCfg = Debug|Any CPU
		{32743DB6-5BFC-42CC-BDC4-1DA473C90616}.Debug|iPhoneSimulator.Build.0 = Debug|Any CPU
		{32743DB6-5BFC-42CC-BDC4-1DA473C90616}.Release|iPhone.ActiveCfg = Release|Any CPU
		{32743DB6-5BFC-42CC-BDC4-1DA473C90616}.Release|iPhone.Build.0 = Release|Any CPU
		{32743DB6-5BFC-42CC-BDC4-1DA473C90616}.Release|iPhoneSimulator.ActiveCfg = Release|Any CPU
		{32743DB6-5BFC-42CC-BDC4-1DA473C90616}.Release|iPhoneSimulator.Build.0 = Release|Any CPU
		{43DFD5D1-AE2B-4E91-873A-6D0D8D1B9042}.Ad-Hoc|iPhone.ActiveCfg = Ad-Hoc|iPhone
		{43DFD5D1-AE2B-4E91-873A-6D0D8D1B9042}.Ad-Hoc|iPhone.Build.0 = Ad-Hoc|iPhone
		{43DFD5D1-AE2B-4E91-873A-6D0D8D1B9042}.AppStore|iPhone.ActiveCfg = AppStore|iPhone
		{43DFD5D1-AE2B-4E91-873A-6D0D8D1B9042}.AppStore|iPhone.Build.0 = AppStore|iPhone
		{43DFD5D1-AE2B-4E91-873A-6D0D8D1B9042}.Debug|iPhone.ActiveCfg = Debug|iPhone
		{43DFD5D1-AE2B-4E91-873A-6D0D8D1B9042}.Debug|iPhone.Build.0 = Debug|iPhone
		{43DFD5D1-AE2B-4E91-873A-6D0D8D1B9042}.Debug|iPhoneSimulator.ActiveCfg = Debug|iPhoneSimulator
		{43DFD5D1-AE2B-4E91-873A-6D0D8D1B9042}.Debug|iPhoneSimulator.Build.0 = Debug|iPhoneSimulator
		{43DFD5D1-AE2B-4E91-873A-6D0D8D1B9042}.Release|iPhone.ActiveCfg = Release|iPhone
		{43DFD5D1-AE2B-4E91-873A-6D0D8D1B9042}.Release|iPhone.Build.0 = Release|iPhone
		{43DFD5D1-AE2B-4E91-873A-6D0D8D1B9042}.Release|iPhoneSimulator.ActiveCfg = Release|iPhoneSimulator
		{43DFD5D1-AE2B-4E91-873A-6D0D8D1B9042}.Release|iPhoneSimulator.Build.0 = Release|iPhoneSimulator
	EndGlobalSection
	GlobalSection(MonoDevelopProperties) = preSolution
		StartupItem = Dutch_Spelling\Spelling.Dutch.csproj
	EndGlobalSection
EndGlobal
